
Microsoft Visual Studio Solution File, Format Version 12.00
# Visual Studio Version 16
VisualStudioVersion = 16.0.28922.388
MinimumVisualStudioVersion = 10.0.40219.1
Project("{9A19103F-16F7-4668-BE54-9A1E7A4F7556}") = "TodoApi5", "TodoApi5\TodoApi5.csproj", "{B1EC18A6-AF96-40B2-A2AF-B34A2DB4C8CD}"
EndProject
Global
	GlobalSection(SolutionConfigurationPlatforms) = preSolution
		Debug|Any CPU = Debug|Any CPU
		Release|Any CPU = Release|Any CPU
	EndGlobalSection
	GlobalSection(ProjectConfigurationPlatforms) = postSolution
		{B1EC18A6-AF96-40B2-A2AF-B34A2DB4C8CD}.Debug|Any CPU.ActiveCfg = Debug|Any CPU
		{B1EC18A6-AF96-40B2-A2AF-B34A2DB4C8CD}.Debug|Any CPU.Build.0 = Debug|Any CPU
		{B1EC18A6-AF96-40B2-A2AF-B34A2DB4C8CD}.Release|Any CPU.ActiveCfg = Release|Any CPU
		{B1EC18A6-AF96-40B2-A2AF-B34A2DB4C8CD}.Release|Any CPU.Build.0 = Release|Any CPU
	EndGlobalSection
	GlobalSection(SolutionProperties) = preSolution
		HideSolutionNode = FALSE
	EndGlobalSection
	GlobalSection(ExtensibilityGlobals) = postSolution
		SolutionGuid = {600EBB0D-3E34-4A62-9C1D-3AF0E8149657}
	EndGlobalSection
EndGlobal
