
Microsoft Visual Studio Solution File, Format Version 12.00
# Visual Studio Version 16
VisualStudioVersion = 16.0.28922.388
MinimumVisualStudioVersion = 10.0.40219.1
Project("{FAE04EC0-301F-11D3-BF4B-00C04F79EFBC}") = "Module_3_Task_7", "Module_3_Task_7\Module_3_Task_7.csproj", "{D20F39FA-8DA8-4391-B4C3-D59C3B787342}"
EndProject
Global
	GlobalSection(SolutionConfigurationPlatforms) = preSolution
		Debug|Any CPU = Debug|Any CPU
		Release|Any CPU = Release|Any CPU
	EndGlobalSection
	GlobalSection(ProjectConfigurationPlatforms) = postSolution
		{D20F39FA-8DA8-4391-B4C3-D59C3B787342}.Debug|Any CPU.ActiveCfg = Debug|Any CPU
		{D20F39FA-8DA8-4391-B4C3-D59C3B787342}.Debug|Any CPU.Build.0 = Debug|Any CPU
		{D20F39FA-8DA8-4391-B4C3-D59C3B787342}.Release|Any CPU.ActiveCfg = Release|Any CPU
		{D20F39FA-8DA8-4391-B4C3-D59C3B787342}.Release|Any CPU.Build.0 = Release|Any CPU
	EndGlobalSection
	GlobalSection(SolutionProperties) = preSolution
		HideSolutionNode = FALSE
	EndGlobalSection
	GlobalSection(ExtensibilityGlobals) = postSolution
		SolutionGuid = {46C6D0BB-45C5-46F1-A433-4A09066A8C19}
	EndGlobalSection
EndGlobal
